
Microsoft Visual Studio Solution File, Format Version 12.00
# Visual Studio Version 17
VisualStudioVersion = 17.10.35027.167
MinimumVisualStudioVersion = 10.0.40219.1
Project("{FAE04EC0-301F-11D3-BF4B-00C04F79EFBC}") = "DependencyInjection", "DependencyInjection\DependencyInjection.csproj", "{53742F6B-8310-42FC-BB29-0CC780867BCA}"
EndProject
Global
	GlobalSection(SolutionConfigurationPlatforms) = preSolution
		Debug|Any CPU = Debug|Any CPU
		Release|Any CPU = Release|Any CPU
	EndGlobalSection
	GlobalSection(ProjectConfigurationPlatforms) = postSolution
		{53742F6B-8310-42FC-BB29-0CC780867BCA}.Debug|Any CPU.ActiveCfg = Debug|Any CPU
		{53742F6B-8310-42FC-BB29-0CC780867BCA}.Debug|Any CPU.Build.0 = Debug|Any CPU
		{53742F6B-8310-42FC-BB29-0CC780867BCA}.Release|Any CPU.ActiveCfg = Release|Any CPU
		{53742F6B-8310-42FC-BB29-0CC780867BCA}.Release|Any CPU.Build.0 = Release|Any CPU
	EndGlobalSection
	GlobalSection(SolutionProperties) = preSolution
		HideSolutionNode = FALSE
	EndGlobalSection
	GlobalSection(ExtensibilityGlobals) = postSolution
		SolutionGuid = {04356A4C-1969-45A0-AE32-715F80D035D9}
	EndGlobalSection
EndGlobal
